FORGE
  remote: https://forgeapi.puppetlabs.com
  specs:
    puppetlabs-inifile (1.6.0)
    puppetlabs-vcsrepo (1.5.0)
    stahnma-epel (1.2.2)
      puppetlabs-stdlib (>= 3.0.0)

GIT
  remote: git://github.com/gsamokovarov/puppet-softlink.git
  ref: master
  sha: d2aef08b07b4461e3f3a6656a933b5a23d5ebc28
  specs:
    gsamokovarov-softlink (0.0.1)

GIT
  remote: git://github.com/puppetlabs/puppetlabs-apt.git
  ref: master
  sha: da0bcf16e52d8ae62d29268d2684e209812263a0
  specs:
    puppetlabs-apt (4.0.0)
      puppetlabs-stdlib (< 5.0.0, >= 4.16.0)

GIT
  remote: git://github.com/puppetlabs/puppetlabs-stdlib.git
  ref: master
  sha: 5eebb740589a9f128b8d6a5cb7e40a347562f5fb
  specs:
    puppetlabs-stdlib (4.16.0)

GIT
  remote: git@github.com:danzilio/puppet-letsencrypt.git
  ref: master
  sha: 7f78d5e7b0aa28ba063147560aa95e021b57fd25
  specs:
    danzilio-letsencrypt (2.0.0-rc0)
      puppetlabs-inifile (< 2.0.0, >= 1.4.1)
      puppetlabs-stdlib (< 5.0.0, >= 4.6.0)
      puppetlabs-vcsrepo (< 2.0.0, >= 1.3.1)
      stahnma-epel (< 2.0.0, >= 1.0.0)

DEPENDENCIES
  danzilio-letsencrypt (>= 0)
  gsamokovarov-softlink (>= 0)
  puppetlabs-apt (>= 0)
  puppetlabs-stdlib (>= 0)

