# THIS IS AN AUTOGENERATED FILE. DO NOT EDIT THIS FILE DIRECTLY.
# yarn lockfile v1


"@esbuild/android-arm64@0.17.1":
  version "0.17.1"
  resolved "https://registry.yarnpkg.com/@esbuild/android-arm64/-/android-arm64-0.17.1.tgz#e2f5bc6588a98d565a25a2f61e25adf754061aec"
  integrity sha512-qM6pyZ8sZsPe8/UzEMC93wL9c1b81VmPs/P4VQ+1v27SBu3pD08wo5nMm03KZos7TcH5f1dLRBt1VhN8JX53zA==

"@esbuild/android-arm@0.17.1":
  version "0.17.1"
  resolved "https://registry.yarnpkg.com/@esbuild/android-arm/-/android-arm-0.17.1.tgz#6de8d65b56414adce73a385d92344d99981347cf"
  integrity sha512-8ygAO+wxS3XcTxY0iuitMsttSIBUCSyVewCROQ0cdnp6u62qG+BWBjUxosUZ1EzxbblBJ2CjZwmbqSXjDO1P/w==

"@esbuild/android-x64@0.17.1":
  version "0.17.1"
  resolved "https://registry.yarnpkg.com/@esbuild/android-x64/-/android-x64-0.17.1.tgz#9de479c2775cdadd1836dc57923eabcb36b90493"
  integrity sha512-MCVchLyxgjupI53HbVd/qf/4kgLxzJVBPzZdPjgfSaRYR3Ak15v5bEnJ2Vt/0c9+E2cRbv6Q+LH17c7askB3IQ==

"@esbuild/darwin-arm64@0.17.1":
  version "0.17.1"
  resolved "https://registry.yarnpkg.com/@esbuild/darwin-arm64/-/darwin-arm64-0.17.1.tgz#86c9dce9481a5aaf51d68bab6b499e2192035c2e"
  integrity sha512-5N+dDwxOoseOci8h12b/EjIlnYY48KBDGAKFo+XUXRZhLz1UhVrASzJChDOrZPQt9uy4+qMZQmLuT7Jm4rKFaw==

"@esbuild/darwin-x64@0.17.1":
  version "0.17.1"
  resolved "https://registry.yarnpkg.com/@esbuild/darwin-x64/-/darwin-x64-0.17.1.tgz#8c396dfb3ac35856778a99867614d559f2d5ce66"
  integrity sha512-fOXElELW/5siabypVqKTH++WtxVR7IhGvRkS6VKzffW+Kx9Yi5WwRaKG8iwb9QGwFfAKGLYxv73k6NAekkzIvw==

"@esbuild/freebsd-arm64@0.17.1":
  version "0.17.1"
  resolved "https://registry.yarnpkg.com/@esbuild/freebsd-arm64/-/freebsd-arm64-0.17.1.tgz#22de2b3d5be3ade9066cf27e96f919d72e4cccb4"
  integrity sha512-yEXsg9KggF6p1qqwb2ZIKPeMv3znU9zQ4xu4fi3GmCDmqMGXpzR6vBFVYlrMgGOGN1shHcKnMp/HhEp4mdkLGQ==

"@esbuild/freebsd-x64@0.17.1":
  version "0.17.1"
  resolved "https://registry.yarnpkg.com/@esbuild/freebsd-x64/-/freebsd-x64-0.17.1.tgz#224c915e03cdc66bc59a9578c97f15c75bbaa638"
  integrity sha512-wBoJECwLWzapCND5Ime9G5QY5B/cLLXh4oCtUMnckcV5D4rL5M5WN63zOMWjFDDGpiPhnePHaDnRSV8AhxdUMg==

"@esbuild/linux-arm64@0.17.1":
  version "0.17.1"
  resolved "https://registry.yarnpkg.com/@esbuild/linux-arm64/-/linux-arm64-0.17.1.tgz#d393f878cb7d163705b35fb38f1d82fe2190d096"
  integrity sha512-oCsBA1dzzo78yPjW5FLt1DfNa6tGgHl/2UQL5EC2yhDvCX0jCpvNbD4X+oqJP37dng9e1dv9H1n4C8N4tvy5GQ==

"@esbuild/linux-arm@0.17.1":
  version "0.17.1"
  resolved "https://registry.yarnpkg.com/@esbuild/linux-arm/-/linux-arm-0.17.1.tgz#7249342edfda0431ae17b66de025dcadfdada222"
  integrity sha512-TIF51ocfKxPzyxE8llGWjS9fZB3916ZppHeZc14MokEzD4G9C0orDRD/VIVxoyln1bAQdWFJSHJ55JPmF7WhoQ==

"@esbuild/linux-ia32@0.17.1":
  version "0.17.1"
  resolved "https://registry.yarnpkg.com/@esbuild/linux-ia32/-/linux-ia32-0.17.1.tgz#765ab53b1ba4fda356437690cff20dffaa5b2c07"
  integrity sha512-6HLCE3SA+qv1RWhBnj0AKUfZh2bH/D5wyvq2JaqgtK6WES6S/3B1u9g1b5lO5UT56Z74LAf2z2sqVdUwmfHbjQ==

"@esbuild/linux-loong64@0.17.1":
  version "0.17.1"
  resolved "https://registry.yarnpkg.com/@esbuild/linux-loong64/-/linux-loong64-0.17.1.tgz#a37eab49507026acc6f701a3a994550bbb2cc589"
  integrity sha512-hm/ZVD0YMJq5UUkyrhEDFM2z1v4iTKBFeOEL3yXhNLeOpbFQ2Z9oI5l7FTaeLpXrqgO6q/9C8LajY5yVCHpHnQ==

"@esbuild/linux-mips64el@0.17.1":
  version "0.17.1"
  resolved "https://registry.yarnpkg.com/@esbuild/linux-mips64el/-/linux-mips64el-0.17.1.tgz#920d6f203da3b89bf868f7b3f6eb66374c24f92e"
  integrity sha512-FjUTo3aDHy0g+4aKjuQl576wSOzcfKrYYyhQKRTmeEZIaYKHu6/iLQkSqB1EBbfKcn6gHqO3Fb9PoBF9cWC5Gg==

"@esbuild/linux-ppc64@0.17.1":
  version "0.17.1"
  resolved "https://registry.yarnpkg.com/@esbuild/linux-ppc64/-/linux-ppc64-0.17.1.tgz#73ab32a62587ebb5143557da531bd8d4709bcbc0"
  integrity sha512-R8HchAp+w6Ar85mEMZHobmLO6fT6/6CW6m8cq+dz4APHaHv24qNxJKJiceJALM//mvGnP/wVoLsJCmE6Wv3N8g==

"@esbuild/linux-riscv64@0.17.1":
  version "0.17.1"
  resolved "https://registry.yarnpkg.com/@esbuild/linux-riscv64/-/linux-riscv64-0.17.1.tgz#b001c1542146743ee46090b08d3635be79294eed"
  integrity sha512-qg7+k7K5hmpqmbyHmxhSoLfY+SNd+KhC+u0xfo4Pwf0Spn72ldM+FxKntmx6zhwQ9yE9KfAapoK/L1WOh9lV8g==

"@esbuild/linux-s390x@0.17.1":
  version "0.17.1"
  resolved "https://registry.yarnpkg.com/@esbuild/linux-s390x/-/linux-s390x-0.17.1.tgz#2afd08351e59835fa92f7c58f588060ccdd3d260"
  integrity sha512-oWqggXTbGp5PaBFIkEzA371aoTWHA7rjzWIysiRubYzjXxHy60qzkdZD1OaS44EMRiMItxUj8UeC3fpU+Z7qgg==

"@esbuild/linux-x64@0.17.1":
  version "0.17.1"
  resolved "https://registry.yarnpkg.com/@esbuild/linux-x64/-/linux-x64-0.17.1.tgz#e04a87c3b2fd70e391540c4b8e27f3f6a08076db"
  integrity sha512-voMDzuiqd5eV0OTkbOJkEwxkjxpCEQPPQUyljpv/agU12CGxQACmjHeiWGtoVKRbrQOWRDZ2SWFsiT4mQiKuog==

"@esbuild/netbsd-x64@0.17.1":
  version "0.17.1"
  resolved "https://registry.yarnpkg.com/@esbuild/netbsd-x64/-/netbsd-x64-0.17.1.tgz#345a1e1154e7ebea47e53e779ede5f5d098d0d32"
  integrity sha512-TrYeatKXA6XIpJ+Lo1qBiYRokSB3EE6b/KxDk7NeD47Zx5k7QrwCEMTlFJGcy2eUlRnbDDMqY4LaRO/GniU8RA==

"@esbuild/openbsd-x64@0.17.1":
  version "0.17.1"
  resolved "https://registry.yarnpkg.com/@esbuild/openbsd-x64/-/openbsd-x64-0.17.1.tgz#c1766ae147f2ed38ee5426a89ed542893bc5e3db"
  integrity sha512-VsTWuIKS7dYGHxLfoQeSBC+f4lCf1Lyd2I4QJclneu/5Ldw/evHMd1zwZUWZs7lGZsyrwssu0vAWERMsXnU2yQ==

"@esbuild/sunos-x64@0.17.1":
  version "0.17.1"
  resolved "https://registry.yarnpkg.com/@esbuild/sunos-x64/-/sunos-x64-0.17.1.tgz#c9fa2ff0ff368092c82c6e5dc133882b43f96568"
  integrity sha512-36tkLA020bZJ1pjr3lflHe0lUwJ6fTmp+MabTFW2RZ5+G3c3QudELm4TvxN/HyJqJgWAFE3/3aT7oeUUiak1rw==

"@esbuild/win32-arm64@0.17.1":
  version "0.17.1"
  resolved "https://registry.yarnpkg.com/@esbuild/win32-arm64/-/win32-arm64-0.17.1.tgz#8c136879809cda60373ea45d680f75c7e34dd925"
  integrity sha512-mb1cy86vHBl1lxJhM3XiIGRKRgIO4WxS7/QW01feZuMkApL4RlMdlm95npTZInuh4gPeHEIxziifky5Okayupg==

"@esbuild/win32-ia32@0.17.1":
  version "0.17.1"
  resolved "https://registry.yarnpkg.com/@esbuild/win32-ia32/-/win32-ia32-0.17.1.tgz#fc4b52c2dcdcaf9e657f252e0e04e089c528f08e"
  integrity sha512-jVhYBHXOIhVj899BzcEj7fOnipgU+ZL25gfcEgAk1u64FlDMJXwF+VJpbWWyQzRWiWDuri6lIR3aXPJn7IyxBQ==

"@esbuild/win32-x64@0.17.1":
  version "0.17.1"
  resolved "https://registry.yarnpkg.com/@esbuild/win32-x64/-/win32-x64-0.17.1.tgz#f6e5648e99bed24078cbed82dad7660d984f42ba"
  integrity sha512-cxPkULF0VQRBKAaT6EpX5q1zLQJZk6bXsTDoVSN2lW8kITvQ12e3yI56aCE12OOtwPZ7L2WDN4yws9iG81Dzuw==

"@rails/ujs@^7.0.4":
  version "7.0.4"
  resolved "https://registry.yarnpkg.com/@rails/ujs/-/ujs-7.0.4.tgz#7fe5387d2d82b0547fdfc6667b424ec119c86b1e"
  integrity sha512-UY9yQxBvtqXzXScslgPwZoQd16T0+z3P6BQS4lZDJFg5xVuMIgHkHQI6dhyWEt5l/qwbGaYX+YiZu6J+oxWPOw==

"@stimulus/core@^1.1.0":
  version "1.1.0"
  resolved "https://registry.yarnpkg.com/@stimulus/core/-/core-1.1.0.tgz#0fe7f5bf555aa2a31b4576f2b3389fd192a27138"
  dependencies:
    "@stimulus/mutation-observers" "^1.1.0"

"@stimulus/multimap@^1.1.0":
  version "1.1.0"
  resolved "https://registry.yarnpkg.com/@stimulus/multimap/-/multimap-1.1.0.tgz#f373ff72feab4218b2a9ae00866acc47d5032f5e"

"@stimulus/mutation-observers@^1.1.0":
  version "1.1.0"
  resolved "https://registry.yarnpkg.com/@stimulus/mutation-observers/-/mutation-observers-1.1.0.tgz#8744d8b37302baeffcdd9123021c55084fb82beb"
  dependencies:
    "@stimulus/multimap" "^1.1.0"

"@stimulus/webpack-helpers@^1.1.0":
  version "1.1.0"
  resolved "https://registry.yarnpkg.com/@stimulus/webpack-helpers/-/webpack-helpers-1.1.0.tgz#17f00ea6eaa38b490ba84fec6f6c436c604a4a85"

esbuild@^0.17.1:
  version "0.17.1"
  resolved "https://registry.yarnpkg.com/esbuild/-/esbuild-0.17.1.tgz#31756765ae7865332670daef8ac3358b6264a486"
  integrity sha512-4r4MuPOl9SOBwAgs6Q73qklLWZmYk7FMlidseFgCN3LVjq8pWt422LioUczLd9SYcMiiecikWvyDoCwbEXUbfw==
  optionalDependencies:
    "@esbuild/android-arm" "0.17.1"
    "@esbuild/android-arm64" "0.17.1"
    "@esbuild/android-x64" "0.17.1"
    "@esbuild/darwin-arm64" "0.17.1"
    "@esbuild/darwin-x64" "0.17.1"
    "@esbuild/freebsd-arm64" "0.17.1"
    "@esbuild/freebsd-x64" "0.17.1"
    "@esbuild/linux-arm" "0.17.1"
    "@esbuild/linux-arm64" "0.17.1"
    "@esbuild/linux-ia32" "0.17.1"
    "@esbuild/linux-loong64" "0.17.1"
    "@esbuild/linux-mips64el" "0.17.1"
    "@esbuild/linux-ppc64" "0.17.1"
    "@esbuild/linux-riscv64" "0.17.1"
    "@esbuild/linux-s390x" "0.17.1"
    "@esbuild/linux-x64" "0.17.1"
    "@esbuild/netbsd-x64" "0.17.1"
    "@esbuild/openbsd-x64" "0.17.1"
    "@esbuild/sunos-x64" "0.17.1"
    "@esbuild/win32-arm64" "0.17.1"
    "@esbuild/win32-ia32" "0.17.1"
    "@esbuild/win32-x64" "0.17.1"

normalize.css@^6.0.0:
  version "6.0.0"
  resolved "https://registry.yarnpkg.com/normalize.css/-/normalize.css-6.0.0.tgz#22188c2707c911fb3ad3c1aac0677ff68661bea8"

screenfull@^3.3.3:
  version "3.3.3"
  resolved "https://registry.yarnpkg.com/screenfull/-/screenfull-3.3.3.tgz#8cf7e706aceac2e75131aadcb81b622acfe11d39"

stimulus@^1.1.0:
  version "1.1.0"
  resolved "https://registry.yarnpkg.com/stimulus/-/stimulus-1.1.0.tgz#d313e59bc0085eec5e072a401e0fb2c5fb0a0301"
  dependencies:
    "@stimulus/core" "^1.1.0"
    "@stimulus/webpack-helpers" "^1.1.0"

turbolinks@^5.2.0:
  version "5.2.0"
  resolved "https://registry.yarnpkg.com/turbolinks/-/turbolinks-5.2.0.tgz#e6877a55ea5c1cb3bb225f0a4ae303d6d32ff77c"
  integrity sha512-pMiez3tyBo6uRHFNNZoYMmrES/IaGgMhQQM+VFF36keryjb5ms0XkVpmKHkfW/4Vy96qiGW3K9bz0tF5sK9bBw==

twemoji@^11.0.1:
  version "11.3.0"
  resolved "https://registry.yarnpkg.com/twemoji/-/twemoji-11.3.0.tgz#8c520094fe94849db10fd5687f50c936183c4fad"
  integrity sha512-xN/vlR6+gDmfjt6LInAqwGAv3Agwrmzx5TD1jEFwKS19IOGDrX0/3OB8GP1wUYPVIdkaer5hw6qd+52jzvz0Lg==
